
Microsoft Visual Studio Solution File, Format Version 12.00
# Visual Studio Version 16
VisualStudioVersion = 25.0.1706.3
MinimumVisualStudioVersion = 10.0.40219.1
Project("{FAE04EC0-301F-11D3-BF4B-00C04F79EFBC}") = "Willams Data Project", "Willams Data Project\Willams Data Project.csproj", "{C070175D-1AC2-448D-8544-9B89472122A4}"
EndProject
Global
	GlobalSection(SolutionConfigurationPlatforms) = preSolution
		Debug|Any CPU = Debug|Any CPU
		Release|Any CPU = Release|Any CPU
	EndGlobalSection
	GlobalSection(ProjectConfigurationPlatforms) = postSolution
		{C070175D-1AC2-448D-8544-9B89472122A4}.Debug|Any CPU.ActiveCfg = Debug|Any CPU
		{C070175D-1AC2-448D-8544-9B89472122A4}.Debug|Any CPU.Build.0 = Debug|Any CPU
		{C070175D-1AC2-448D-8544-9B89472122A4}.Release|Any CPU.ActiveCfg = Release|Any CPU
		{C070175D-1AC2-448D-8544-9B89472122A4}.Release|Any CPU.Build.0 = Release|Any CPU
	EndGlobalSection
	GlobalSection(SolutionProperties) = preSolution
		HideSolutionNode = FALSE
	EndGlobalSection
	GlobalSection(ExtensibilityGlobals) = postSolution
		SolutionGuid = {C5109133-5930-4B82-AA67-D4D87165182A}
	EndGlobalSection
EndGlobal
