
Microsoft Visual Studio Solution File, Format Version 12.00
# Visual Studio Version 17
VisualStudioVersion = 17.5.002.0
MinimumVisualStudioVersion = 10.0.40219.1
Project("{9A19103F-16F7-4668-BE54-9A1E7A4F7556}") = "Willams Data Project", "Willams Data Project.csproj", "{1A1784D2-5B3B-4071-B877-E88176AAEF4C}"
EndProject
Global
	GlobalSection(SolutionConfigurationPlatforms) = preSolution
		Debug|Any CPU = Debug|Any CPU
		Release|Any CPU = Release|Any CPU
	EndGlobalSection
	GlobalSection(ProjectConfigurationPlatforms) = postSolution
		{1A1784D2-5B3B-4071-B877-E88176AAEF4C}.Debug|Any CPU.ActiveCfg = Debug|Any CPU
		{1A1784D2-5B3B-4071-B877-E88176AAEF4C}.Debug|Any CPU.Build.0 = Debug|Any CPU
		{1A1784D2-5B3B-4071-B877-E88176AAEF4C}.Release|Any CPU.ActiveCfg = Release|Any CPU
		{1A1784D2-5B3B-4071-B877-E88176AAEF4C}.Release|Any CPU.Build.0 = Release|Any CPU
	EndGlobalSection
	GlobalSection(SolutionProperties) = preSolution
		HideSolutionNode = FALSE
	EndGlobalSection
	GlobalSection(ExtensibilityGlobals) = postSolution
		SolutionGuid = {D1E456C7-1C64-4356-A14E-3A9991ACF254}
	EndGlobalSection
EndGlobal
